{
  "version": 4,
  "terraform_version": "0.12.6",
  "serial": 16,
  "lineage": "561cbf80-01d1-c9d1-b805-a7ae396f90ff",
  "outputs": {},
  "resources": [
    {
      "mode": "managed",
      "type": "aws_iam_instance_profile",
      "name": "ec2_profile",
      "provider": "provider.aws",
      "instances": [
        {
          "schema_version": 0,
          "attributes": {
            "arn": "arn:aws:iam::123570184504:instance-profile/ec2_profile",
            "create_date": "2020-04-25T14:33:03Z",
            "id": "ec2_profile",
            "name": "ec2_profile",
            "name_prefix": null,
            "path": "/",
            "role": "ec2-s3_role",
            "roles": [],
            "unique_id": "AIPARZRK3ME4LZQPOFQXG"
          },
          "private": "bnVsbA==",
          "depends_on": [
            "aws_iam_role.ec2-s3_role"
          ]
        }
      ]
    },
    {
      "mode": "managed",
      "type": "aws_iam_role",
      "name": "ec2-s3_role",
      "provider": "provider.aws",
      "instances": [
        {
          "schema_version": 0,
          "attributes": {
            "arn": "arn:aws:iam::123570184504:role/ec2-s3_role",
            "assume_role_policy": "{\"Version\":\"2012-10-17\",\"Statement\":[{\"Sid\":\"\",\"Effect\":\"Allow\",\"Principal\":{\"Service\":\"ec2.amazonaws.com\"},\"Action\":\"sts:AssumeRole\"}]}",
            "create_date": "2020-04-25T14:33:00Z",
            "description": "",
            "force_detach_policies": false,
            "id": "ec2-s3_role",
            "max_session_duration": 3600,
            "name": "ec2-s3_role",
            "name_prefix": null,
            "path": "/",
            "permissions_boundary": null,
            "tags": null,
            "unique_id": "AROARZRK3ME4HXIOQXWCV"
          },
          "private": "bnVsbA=="
        }
      ]
    },
    {
      "mode": "managed",
      "type": "aws_iam_role_policy",
      "name": "s3-read-write_policy",
      "provider": "provider.aws",
      "instances": [
        {
          "schema_version": 0,
          "attributes": {
            "id": "ec2-s3_role:s3-read-write_policy",
            "name": "s3-read-write_policy",
            "name_prefix": null,
            "policy": "{\n    \"Version\": \"2012-10-17\",\n    \"Statement\": [\n        {\n            \"Effect\": \"Allow\",\n            \"Action\": [\n                \"s3:ListBucket\"\n            ],\n            \"Resource\": [\n                \"arn:aws:s3:::tunuu\"\n            ]\n        },\n        {\n            \"Effect\": \"Allow\",\n            \"Action\": [\n                \"s3:PutObject\",\n                \"s3:GetObject\",\n                \"s3:ListObjects\",\n                \"s3:DeleteObject\"\n            ],\n            \"Resource\": [\n                \"arn:aws:s3:::tunuu/*\"\n            ]\n        }\n    ]\n}",
            "role": "ec2-s3_role"
          },
          "private": "bnVsbA==",
          "depends_on": [
            "aws_iam_role.ec2-s3_role"
          ]
        }
      ]
    }
  ]
}
